// !$*UTF8*$!
{
	archiveVersion = 1;
	classes = {
	};
	objectVersion = 46;
	objects = {

/* Begin PBXBuildFile section */
		703455341C0F4F3E00DC34AD /* main.m in Sources */ = {isa = PBXBuildFile; fileRef = 703455331C0F4F3E00DC34AD /* main.m */; };
/* End PBXBuildFile section */

/* Begin PBXCopyFilesBuildPhase section */
		7034552E1C0F4F3E00DC34AD /* CopyFiles */ = {
			isa = PBXCopyFilesBuildPhase;
			buildActionMask = 2147483647;
			dstPath = /usr/share/man/man1/;
			dstSubfolderSpec = 0;
			files = (
			);
			runOnlyForDeploymentPostprocessing = 1;
		};
/* End PBXCopyFilesBuildPhase section */

/* Begin PBXFileReference section */
		703455301C0F4F3E00DC34AD /* DepthFirstSearch_Maze */ = {isa = PBXFileReference; explicitFileType = "compiled.mach-o.executable"; includeInIndex = 0; path = DepthFirstSearch_Maze; sourceTree = BUILT_PRODUCTS_DIR; };
		703455331C0F4F3E00DC34AD /* main.m */ = {isa = PBXFileReference; lastKnownFileType = sourcecode.c.objc; path = main.m; sourceTree = "<group>"; };
/* End PBXFileReference section */

/* Begin PBXFrameworksBuildPhase section */
		7034552D1C0F4F3E00DC34AD /* Frameworks */ = {
			isa = PBXFrameworksBuildPhase;
			buildActionMask = 2147483647;
			files = (
			);
			runOnlyForDeploymentPostprocessing = 0;
		};
/* End PBXFrameworksBuildPhase section */

/* Begin PBXGroup section */
		703455271C0F4F3E00DC34AD = {
			isa = PBXGroup;
			children = (
				703455321C0F4F3E00DC34AD /* DepthFirstSearch_Maze */,
				703455311C0F4F3E00DC34AD /* Products */,
			);
			sourceTree = "<group>";
		};
		703455311C0F4F3E00DC34AD /* Products */ = {
			isa = PBXGroup;
			children = (
				703455301C0F4F3E00DC34AD /* DepthFirstSearch_Maze */,
			);
			name = Products;
			sourceTree = "<group>";
		};
		703455321C0F4F3E00DC34AD /* DepthFirstSearch_Maze */ = {
			isa = PBXGroup;
			children = (
				703455331C0F4F3E00DC34AD /* main.m */,
			);
			path = DepthFirstSearch_Maze;
			sourceTree = "<group>";
		};
/* End PBXGroup section */

/* Begin PBXNativeTarget section */
		7034552F1C0F4F3E00DC34AD /* DepthFirstSearch_Maze */ = {
			isa = PBXNativeTarget;
			buildConfigurationList = 703455371C0F4F3E00DC34AD /* Build configuration list for PBXNativeTarget "DepthFirstSearch_Maze" */;
			buildPhases = (
				7034552C1C0F4F3E00DC34AD /* Sources */,
				7034552D1C0F4F3E00DC34AD /* Frameworks */,
				7034552E1C0F4F3E00DC34AD /* CopyFiles */,
			);
			buildRules = (
			);
			dependencies = (
			);
			name = DepthFirstSearch_Maze;
			productName = DepthFirstSearch_Maze;
			productReference = 703455301C0F4F3E00DC34AD /* DepthFirstSearch_Maze */;
			productType = "com.apple.product-type.tool";
		};
/* End PBXNativeTarget section */

/* Begin PBXProject section */
		703455281C0F4F3E00DC34AD /* Project object */ = {
			isa = PBXProject;
			attributes = {
				LastUpgradeCheck = 0700;
				ORGANIZATIONNAME = "Jiaxiang Li";
				TargetAttributes = {
					7034552F1C0F4F3E00DC34AD = {
						CreatedOnToolsVersion = 7.0;
					};
				};
			};
			buildConfigurationList = 7034552B1C0F4F3E00DC34AD /* Build configuration list for PBXProject "DepthFirstSearch_Maze" */;
			compatibilityVersion = "Xcode 3.2";
			developmentRegion = English;
			hasScannedForEncodings = 0;
			knownRegions = (
				en,
			);
			mainGroup = 703455271C0F4F3E00DC34AD;
			productRefGroup = 703455311C0F4F3E00DC34AD /* Products */;
			projectDirPath = "";
			projectRoot = "";
			targets = (
				7034552F1C0F4F3E00DC34AD /* DepthFirstSearch_Maze */,
			);
		};
/* End PBXProject section */

/* Begin PBXSourcesBuildPhase section */
		7034552C1C0F4F3E00DC34AD /* Sources */ = {
			isa = PBXSourcesBuildPhase;
			buildActionMask = 2147483647;
			files = (
				703455341C0F4F3E00DC34AD /* main.m in Sources */,
			);
			runOnlyForDeploymentPostprocessing = 0;
		};
/* End PBXSourcesBuildPhase section */

/* Begin XCBuildConfiguration section */
		703455351C0F4F3E00DC34AD /* Debug */ = {
			isa = XCBuildConfiguration;
			buildSettings = {
				ALWAYS_SEARCH_USER_PATHS = NO;
				CLANG_CXX_LANGUAGE_STANDARD = "gnu++0x";
				CLANG_CXX_LIBRARY = "libc++";
				CLANG_ENABLE_MODULES = YES;
				CLANG_ENABLE_OBJC_ARC = YES;
				CLANG_WARN_BOOL_CONVERSION = YES;
				CLANG_WARN_CONSTANT_CONVERSION = YES;
				CLANG_WARN_DIRECT_OBJC_ISA_USAGE = YES_ERROR;
				CLANG_WARN_EMPTY_BODY = YES;
				CLANG_WARN_ENUM_CONVERSION = YES;
				CLANG_WARN_INT_CONVERSION = YES;
				CLANG_WARN_OBJC_ROOT_CLASS = YES_ERROR;
				CLANG_WARN_UNREACHABLE_CODE = YES;
				CLANG_WARN__DUPLICATE_METHOD_MATCH = YES;
				COPY_PHASE_STRIP = NO;
				DEBUG_INFORMATION_FORMAT = dwarf;
				ENABLE_STRICT_OBJC_MSGSEND = YES;
				ENABLE_TESTABILITY = YES;
				GCC_C_LANGUAGE_STANDARD = gnu99;
				GCC_DYNAMIC_NO_PIC = NO;
				GCC_NO_COMMON_BLOCKS = YES;
				GCC_OPTIMIZATION_LEVEL = 0;
				GCC_PREPROCESSOR_DEFINITIONS = (
					"DEBUG=1",
					"$(inherited)",
				);
				GCC_WARN_64_TO_32_BIT_CONVERSION = YES;
				GCC_WARN_ABOUT_RETURN_TYPE = YES_ERROR;
				GCC_WARN_UNDECLARED_SELECTOR = YES;
				GCC_WARN_UNINITIALIZED_AUTOS = YES_AGGRESSIVE;
				GCC_WARN_UNUSED_FUNCTION = YES;
				GCC_WARN_UNUSED_VARIABLE = YES;
				MACOSX_DEPLOYMENT_TARGET = 10.11;
				MTL_ENABLE_DEBUG_INFO = YES;
				ONLY_ACTIVE_ARCH = YES;
				SDKROOT = macosx;
			};
			name = Debug;
		};
		703455361C0F4F3E00DC34AD /* Release */ = {
			isa = XCBuildConfiguration;
			buildSettings = {
				ALWAYS_SEARCH_USER_PATHS = NO;
				CLANG_CXX_LANGUAGE_STANDARD = "gnu++0x";
				CLANG_CXX_LIBRARY = "libc++";
				CLANG_ENABLE_MODULES = YES;
				CLANG_ENABLE_OBJC_ARC = YES;
				CLANG_WARN_BOOL_CONVERSION = YES;
				CLANG_WARN_CONSTANT_CONVERSION = YES;
				CLANG_WARN_DIRECT_OBJC_ISA_USAGE = YES_ERROR;
				CLANG_WARN_EMPTY_BODY = YES;
				CLANG_WARN_ENUM_CONVERSION = YES;
				CLANG_WARN_INT_CONVERSION = YES;
				CLANG_WARN_OBJC_ROOT_CLASS = YES_ERROR;
				CLANG_WARN_UNREACHABLE_CODE = YES;
				CLANG_WARN__DUPLICATE_METHOD_MATCH = YES;
				COPY_PHASE_STRIP = NO;
				DEBUG_INFORMATION_FORMAT = "dwarf-with-dsym";
				ENABLE_NS_ASSERTIONS = NO;
				ENABLE_STRICT_OBJC_MSGSEND = YES;
				GCC_C_LANGUAGE_STANDARD = gnu99;
				GCC_NO_COMMON_BLOCKS = YES;
				GCC_WARN_64_TO_32_BIT_CONVERSION = YES;
				GCC_WARN_ABOUT_RETURN_TYPE = YES_ERROR;
				GCC_WARN_UNDECLARED_SELECTOR = YES;
				GCC_WARN_UNINITIALIZED_AUTOS = YES_AGGRESSIVE;
				GCC_WARN_UNUSED_FUNCTION = YES;
				GCC_WARN_UNUSED_VARIABLE = YES;
				MACOSX_DEPLOYMENT_TARGET = 10.11;
				MTL_ENABLE_DEBUG_INFO = NO;
				SDKROOT = macosx;
			};
			name = Release;
		};
		703455381C0F4F3E00DC34AD /* Debug */ = {
			isa = XCBuildConfiguration;
			buildSettings = {
				PRODUCT_NAME = "$(TARGET_NAME)";
			};
			name = Debug;
		};
		703455391C0F4F3E00DC34AD /* Release */ = {
			isa = XCBuildConfiguration;
			buildSettings = {
				PRODUCT_NAME = "$(TARGET_NAME)";
			};
			name = Release;
		};
/* End XCBuildConfiguration section */

/* Begin XCConfigurationList section */
		7034552B1C0F4F3E00DC34AD /* Build configuration list for PBXProject "DepthFirstSearch_Maze" */ = {
			isa = XCConfigurationList;
			buildConfigurations = (
				703455351C0F4F3E00DC34AD /* Debug */,
				703455361C0F4F3E00DC34AD /* Release */,
			);
			defaultConfigurationIsVisible = 0;
			defaultConfigurationName = Release;
		};
		703455371C0F4F3E00DC34AD /* Build configuration list for PBXNativeTarget "DepthFirstSearch_Maze" */ = {
			isa = XCConfigurationList;
			buildConfigurations = (
				703455381C0F4F3E00DC34AD /* Debug */,
				703455391C0F4F3E00DC34AD /* Release */,
			);
			defaultConfigurationIsVisible = 0;
		};
/* End XCConfigurationList section */
	};
	rootObject = 703455281C0F4F3E00DC34AD /* Project object */;
}
